
Microsoft Visual Studio Solution File, Format Version 12.00
# Visual Studio Version 16
VisualStudioVersion = 16.0.29911.84
MinimumVisualStudioVersion = 10.0.40219.1
Project("{FAE04EC0-301F-11D3-BF4B-00C04F79EFBC}") = "YksiNumerot", "YksiNumerot\YksiNumerot.csproj", "{C3E28D0B-C1A3-4160-8D64-8AF4A183B9FC}"
EndProject
Global
	GlobalSection(SolutionConfigurationPlatforms) = preSolution
		Debug|Any CPU = Debug|Any CPU
		Release|Any CPU = Release|Any CPU
	EndGlobalSection
	GlobalSection(ProjectConfigurationPlatforms) = postSolution
		{C3E28D0B-C1A3-4160-8D64-8AF4A183B9FC}.Debug|Any CPU.ActiveCfg = Debug|Any CPU
		{C3E28D0B-C1A3-4160-8D64-8AF4A183B9FC}.Debug|Any CPU.Build.0 = Debug|Any CPU
		{C3E28D0B-C1A3-4160-8D64-8AF4A183B9FC}.Release|Any CPU.ActiveCfg = Release|Any CPU
		{C3E28D0B-C1A3-4160-8D64-8AF4A183B9FC}.Release|Any CPU.Build.0 = Release|Any CPU
	EndGlobalSection
	GlobalSection(SolutionProperties) = preSolution
		HideSolutionNode = FALSE
	EndGlobalSection
	GlobalSection(ExtensibilityGlobals) = postSolution
		SolutionGuid = {A677648B-00AD-46BD-8569-EF3CA17D2D90}
	EndGlobalSection
EndGlobal
